
Microsoft Visual Studio Solution File, Format Version 10.00
# Visual Studio 2008
Project("{8BC9CEB8-8B4A-11D0-8D11-00A0C91BC942}") = "libssh2", "libssh2.vcproj", "{2C53D5C2-C00C-4FC2-B404-94688849FEEA}"
EndProject
Global
	GlobalSection(SolutionConfigurationPlatforms) = preSolution
		Debug|Win32 = Debug|Win32
		DLL_Debug|Win32 = DLL_Debug|Win32
		DLL_Release|Win32 = DLL_Release|Win32
		LIB_Debug|Win32 = LIB_Debug|Win32
		LIB_Release|Win32 = LIB_Release|Win32
		Release|Win32 = Release|Win32
	EndGlobalSection
	GlobalSection(ProjectConfigurationPlatforms) = postSolution
		{2C53D5C2-C00C-4FC2-B404-94688849FEEA}.Debug|Win32.ActiveCfg = DLL Debug|Win32
		{2C53D5C2-C00C-4FC2-B404-94688849FEEA}.Debug|Win32.Build.0 = DLL Debug|Win32
		{2C53D5C2-C00C-4FC2-B404-94688849FEEA}.DLL_Debug|Win32.ActiveCfg = DLL Debug|Win32
		{2C53D5C2-C00C-4FC2-B404-94688849FEEA}.DLL_Debug|Win32.Build.0 = DLL Debug|Win32
		{2C53D5C2-C00C-4FC2-B404-94688849FEEA}.DLL_Release|Win32.ActiveCfg = DLL Release|Win32
		{2C53D5C2-C00C-4FC2-B404-94688849FEEA}.DLL_Release|Win32.Build.0 = DLL Release|Win32
		{2C53D5C2-C00C-4FC2-B404-94688849FEEA}.LIB_Debug|Win32.ActiveCfg = LIB Debug|Win32
		{2C53D5C2-C00C-4FC2-B404-94688849FEEA}.LIB_Debug|Win32.Build.0 = LIB Debug|Win32
		{2C53D5C2-C00C-4FC2-B404-94688849FEEA}.LIB_Release|Win32.ActiveCfg = LIB Release|Win32
		{2C53D5C2-C00C-4FC2-B404-94688849FEEA}.LIB_Release|Win32.Build.0 = LIB Release|Win32
		{2C53D5C2-C00C-4FC2-B404-94688849FEEA}.Release|Win32.ActiveCfg = LIB Release|Win32
		{2C53D5C2-C00C-4FC2-B404-94688849FEEA}.Release|Win32.Build.0 = LIB Release|Win32
	EndGlobalSection
	GlobalSection(SolutionProperties) = preSolution
		HideSolutionNode = FALSE
	EndGlobalSection
EndGlobal
